Microsoft Visual Studio Solution File, Format Version 12.00
# Visual Studio 15
VisualStudioVersion = 15.0.27703.2042
MinimumVisualStudioVersion = 10.0.40219.1
Project("{FAE04EC0-301F-11D3-BF4B-00C04F79EFBC}") = "SchedulerMultiResAppointments", "SchedulerMultiResAppointments.csproj", "{4A19EF79-6C7F-4579-A9F6-362680E0AE1C}"
EndProject
Global
	GlobalSection(SolutionConfigurationPlatforms) = preSolution
		Debug|Any CPU = Debug|Any CPU
		DebugTest|Any CPU = DebugTest|Any CPU
		DebugTestTrial|Any CPU = DebugTestTrial|Any CPU
		Release|Any CPU = Release|Any CPU
		WebDebugTest|Any CPU = WebDebugTest|Any CPU
	EndGlobalSection
	GlobalSection(ProjectConfigurationPlatforms) = postSolution
		{4A19EF79-6C7F-4579-A9F6-362680E0AE1C}.Debug|Any CPU.ActiveCfg = Debug|Any CPU
		{4A19EF79-6C7F-4579-A9F6-362680E0AE1C}.Debug|Any CPU.Build.0 = Debug|Any CPU
		{4A19EF79-6C7F-4579-A9F6-362680E0AE1C}.DebugTest|Any CPU.ActiveCfg = Debug|Any CPU
		{4A19EF79-6C7F-4579-A9F6-362680E0AE1C}.DebugTest|Any CPU.Build.0 = Debug|Any CPU
		{4A19EF79-6C7F-4579-A9F6-362680E0AE1C}.DebugTestTrial|Any CPU.ActiveCfg = Debug|Any CPU
		{4A19EF79-6C7F-4579-A9F6-362680E0AE1C}.DebugTestTrial|Any CPU.Build.0 = Debug|Any CPU
		{4A19EF79-6C7F-4579-A9F6-362680E0AE1C}.Release|Any CPU.ActiveCfg = Release|Any CPU
		{4A19EF79-6C7F-4579-A9F6-362680E0AE1C}.Release|Any CPU.Build.0 = Release|Any CPU
		{4A19EF79-6C7F-4579-A9F6-362680E0AE1C}.WebDebugTest|Any CPU.ActiveCfg = Debug|Any CPU
		{4A19EF79-6C7F-4579-A9F6-362680E0AE1C}.WebDebugTest|Any CPU.Build.0 = Debug|Any CPU
	EndGlobalSection
	GlobalSection(SolutionProperties) = preSolution
		HideSolutionNode = FALSE
	EndGlobalSection
	GlobalSection(ExtensibilityGlobals) = postSolution
		SolutionGuid = {29ACBE42-1B0D-4EAC-86E0-7005C83C0290}
	EndGlobalSection
EndGlobal
